
Microsoft Visual Studio Solution File, Format Version 12.00
# Visual Studio 15
VisualStudioVersion = 15.0.27428.2002
MinimumVisualStudioVersion = 10.0.40219.1
Project("{FAE04EC0-301F-11D3-BF4B-00C04F79EFBC}") = "RabbitMQ.Sender", "RabbitMQ.Sender\RabbitMQ.Sender.csproj", "{B543AB87-5D02-44BA-881E-98FABCA7B770}"
EndProject
Project("{FAE04EC0-301F-11D3-BF4B-00C04F79EFBC}") = "RabbitMQ.Consumer", "RabbitMQ.Consumer\RabbitMQ.Consumer.csproj", "{20BCF258-34D8-4076-8489-1369F6A1D74C}"
EndProject
Global
	GlobalSection(SolutionConfigurationPlatforms) = preSolution
		Debug|Any CPU = Debug|Any CPU
		Release|Any CPU = Release|Any CPU
	EndGlobalSection
	GlobalSection(ProjectConfigurationPlatforms) = postSolution
		{B543AB87-5D02-44BA-881E-98FABCA7B770}.Debug|Any CPU.ActiveCfg = Debug|Any CPU
		{B543AB87-5D02-44BA-881E-98FABCA7B770}.Debug|Any CPU.Build.0 = Debug|Any CPU
		{B543AB87-5D02-44BA-881E-98FABCA7B770}.Release|Any CPU.ActiveCfg = Release|Any CPU
		{B543AB87-5D02-44BA-881E-98FABCA7B770}.Release|Any CPU.Build.0 = Release|Any CPU
		{20BCF258-34D8-4076-8489-1369F6A1D74C}.Debug|Any CPU.ActiveCfg = Debug|Any CPU
		{20BCF258-34D8-4076-8489-1369F6A1D74C}.Debug|Any CPU.Build.0 = Debug|Any CPU
		{20BCF258-34D8-4076-8489-1369F6A1D74C}.Release|Any CPU.ActiveCfg = Release|Any CPU
		{20BCF258-34D8-4076-8489-1369F6A1D74C}.Release|Any CPU.Build.0 = Release|Any CPU
	EndGlobalSection
	GlobalSection(SolutionProperties) = preSolution
		HideSolutionNode = FALSE
	EndGlobalSection
	GlobalSection(ExtensibilityGlobals) = postSolution
		SolutionGuid = {5781E08E-2592-456C-AFC8-7D9E7097342E}
	EndGlobalSection
EndGlobal
